// !$*UTF8*$!
{
	archiveVersion = 1;
	classes = {
	};
	objectVersion = 46;
	objects = {

/* Begin PBXBuildFile section */
		32D65E531AAB2DBD00CB04A1 /* main.m in Sources */ = {isa = PBXBuildFile; fileRef = 32D65E521AAB2DBD00CB04A1 /* main.m */; };
		32D65E561AAB2DBD00CB04A1 /* AppDelegate.m in Sources */ = {isa = PBXBuildFile; fileRef = 32D65E551AAB2DBD00CB04A1 /* AppDelegate.m */; };
		32D65E5C1AAB2DBD00CB04A1 /* Main.storyboard in Resources */ = {isa = PBXBuildFile; fileRef = 32D65E5A1AAB2DBD00CB04A1 /* Main.storyboard */; };
		32D65E5E1AAB2DBD00CB04A1 /* Images.xcassets in Resources */ = {isa = PBXBuildFile; fileRef = 32D65E5D1AAB2DBD00CB04A1 /* Images.xcassets */; };
		32D65E611AAB2DBD00CB04A1 /* LaunchScreen.xib in Resources */ = {isa = PBXBuildFile; fileRef = 32D65E5F1AAB2DBD00CB04A1 /* LaunchScreen.xib */; };
		32D65E6D1AAB2DBE00CB04A1 /* musicTests.m in Sources */ = {isa = PBXBuildFile; fileRef = 32D65E6C1AAB2DBE00CB04A1 /* musicTests.m */; };
		32D65E7C1AAB2F5D00CB04A1 /* Bolts.framework in Frameworks */ = {isa = PBXBuildFile; fileRef = 32D65E771AAB2F5D00CB04A1 /* Bolts.framework */; };
		32D65E7D1AAB2F5D00CB04A1 /* Parse.framework in Frameworks */ = {isa = PBXBuildFile; fileRef = 32D65E781AAB2F5D00CB04A1 /* Parse.framework */; };
		32D65E7E1AAB2F5D00CB04A1 /* ParseCrashReporting.framework in Frameworks */ = {isa = PBXBuildFile; fileRef = 32D65E791AAB2F5D00CB04A1 /* ParseCrashReporting.framework */; };
		32D65E7F1AAB2F5D00CB04A1 /* ParseFacebookUtils.framework in Frameworks */ = {isa = PBXBuildFile; fileRef = 32D65E7A1AAB2F5D00CB04A1 /* ParseFacebookUtils.framework */; };
		32D65E801AAB2F5D00CB04A1 /* ParseUI.framework in Frameworks */ = {isa = PBXBuildFile; fileRef = 32D65E7B1AAB2F5D00CB04A1 /* ParseUI.framework */; };
		32D65E821AAB346F00CB04A1 /* Entitlements.plist in Resources */ = {isa = PBXBuildFile; fileRef = 32D65E811AAB346F00CB04A1 /* Entitlements.plist */; };
		32D65E841AAB3A6100CB04A1 /* libz.1.1.3.dylib in Frameworks */ = {isa = PBXBuildFile; fileRef = 32D65E831AAB3A6100CB04A1 /* libz.1.1.3.dylib */; };
		32D65E861AAB3A7800CB04A1 /* MobileCoreServices.framework in Frameworks */ = {isa = PBXBuildFile; fileRef = 32D65E851AAB3A7800CB04A1 /* MobileCoreServices.framework */; };
		32D65E881AAB3A9F00CB04A1 /* SystemConfiguration.framework in Frameworks */ = {isa = PBXBuildFile; fileRef = 32D65E871AAB3A9F00CB04A1 /* SystemConfiguration.framework */; };
		32D65E8A1AAB3AAD00CB04A1 /* StoreKit.framework in Frameworks */ = {isa = PBXBuildFile; fileRef = 32D65E891AAB3AAD00CB04A1 /* StoreKit.framework */; };
		32D65E8C1AAB3ACB00CB04A1 /* QuartzCore.framework in Frameworks */ = {isa = PBXBuildFile; fileRef = 32D65E8B1AAB3ACB00CB04A1 /* QuartzCore.framework */; };
		32D65E8E1AAB3ADC00CB04A1 /* CoreGraphics.framework in Frameworks */ = {isa = PBXBuildFile; fileRef = 32D65E8D1AAB3ADC00CB04A1 /* CoreGraphics.framework */; };
		32D65E901AAB3AE500CB04A1 /* CoreLocation.framework in Frameworks */ = {isa = PBXBuildFile; fileRef = 32D65E8F1AAB3AE500CB04A1 /* CoreLocation.framework */; };
		32D65E921AAB3AF800CB04A1 /* CFNetwork.framework in Frameworks */ = {isa = PBXBuildFile; fileRef = 32D65E911AAB3AF800CB04A1 /* CFNetwork.framework */; };
		32D65E941AAB3B4C00CB04A1 /* Security.framework in Frameworks */ = {isa = PBXBuildFile; fileRef = 32D65E931AAB3B4C00CB04A1 /* Security.framework */; };
		32D65E961AAB3B6B00CB04A1 /* UIKit.framework in Frameworks */ = {isa = PBXBuildFile; fileRef = 32D65E951AAB3B6B00CB04A1 /* UIKit.framework */; };
		32D65E981AAB3B7900CB04A1 /* Foundation.framework in Frameworks */ = {isa = PBXBuildFile; fileRef = 32D65E971AAB3B7900CB04A1 /* Foundation.framework */; };
		32D65E9A1AAB3BD100CB04A1 /* libsqlite3.0.dylib in Frameworks */ = {isa = PBXBuildFile; fileRef = 32D65E991AAB3BD100CB04A1 /* libsqlite3.0.dylib */; };
		32D65E9C1AAB3BDE00CB04A1 /* libstdc++.6.dylib in Frameworks */ = {isa = PBXBuildFile; fileRef = 32D65E9B1AAB3BDE00CB04A1 /* libstdc++.6.dylib */; };
		32D65E9E1AAB3C3200CB04A1 /* AudioToolbox.framework in Frameworks */ = {isa = PBXBuildFile; fileRef = 32D65E9D1AAB3C3200CB04A1 /* AudioToolbox.framework */; };
		BF897C2B1AB9912A00A3963A /* JNJProgressButton.m in Sources */ = {isa = PBXBuildFile; fileRef = BF897C2A1AB9912A00A3963A /* JNJProgressButton.m */; };
		BF897C2F1AB9913200A3963A /* UAProgressView.m in Sources */ = {isa = PBXBuildFile; fileRef = BF897C2E1AB9913200A3963A /* UAProgressView.m */; };
		BF897C331AB9A23100A3963A /* 06-magnify@2x.png in Resources */ = {isa = PBXBuildFile; fileRef = BF897C311AB9A23100A3963A /* 06-magnify@2x.png */; };
		BF897C341AB9A23100A3963A /* 56-cloud@2x.png in Resources */ = {isa = PBXBuildFile; fileRef = BF897C321AB9A23100A3963A /* 56-cloud@2x.png */; };
		BFCB0FD31AB856FC0079CCE3 /* DSMainTableViewController.m in Sources */ = {isa = PBXBuildFile; fileRef = BFCB0FD21AB856FC0079CCE3 /* DSMainTableViewController.m */; };
		BFCB0FD61AB857310079CCE3 /* DSMainTableViewCell.m in Sources */ = {isa = PBXBuildFile; fileRef = BFCB0FD51AB857310079CCE3 /* DSMainTableViewCell.m */; };
		BFCB0FD91AB879A40079CCE3 /* DSVersionsTableViewController.m in Sources */ = {isa = PBXBuildFile; fileRef = BFCB0FD81AB879A40079CCE3 /* DSVersionsTableViewController.m */; };
/* End PBXBuildFile section */

/* Begin PBXContainerItemProxy section */
		32D65E671AAB2DBE00CB04A1 /* PBXContainerItemProxy */ = {
			isa = PBXContainerItemProxy;
			containerPortal = 32D65E451AAB2DBD00CB04A1 /* Project object */;
			proxyType = 1;
			remoteGlobalIDString = 32D65E4C1AAB2DBD00CB04A1;
			remoteInfo = music;
		};
/* End PBXContainerItemProxy section */

/* Begin PBXFileReference section */
		32D65E4D1AAB2DBD00CB04A1 /* music.app */ = {isa = PBXFileReference; explicitFileType = wrapper.application; includeInIndex = 0; path = music.app; sourceTree = BUILT_PRODUCTS_DIR; };
		32D65E511AAB2DBD00CB04A1 /* Info.plist */ = {isa = PBXFileReference; lastKnownFileType = text.plist.xml; path = Info.plist; sourceTree = "<group>"; };
		32D65E521AAB2DBD00CB04A1 /* main.m */ = {isa = PBXFileReference; lastKnownFileType = sourcecode.c.objc; path = main.m; sourceTree = "<group>"; };
		32D65E541AAB2DBD00CB04A1 /* AppDelegate.h */ = {isa = PBXFileReference; lastKnownFileType = sourcecode.c.h; path = AppDelegate.h; sourceTree = "<group>"; };
		32D65E551AAB2DBD00CB04A1 /* AppDelegate.m */ = {isa = PBXFileReference; lastKnownFileType = sourcecode.c.objc; path = AppDelegate.m; sourceTree = "<group>"; };
		32D65E5B1AAB2DBD00CB04A1 /* Base */ = {isa = PBXFileReference; lastKnownFileType = file.storyboard; name = Base; path = Base.lproj/Main.storyboard; sourceTree = "<group>"; };
		32D65E5D1AAB2DBD00CB04A1 /* Images.xcassets */ = {isa = PBXFileReference; lastKnownFileType = folder.assetcatalog; path = Images.xcassets; sourceTree = "<group>"; };
		32D65E601AAB2DBD00CB04A1 /* Base */ = {isa = PBXFileReference; lastKnownFileType = file.xib; name = Base; path = Base.lproj/LaunchScreen.xib; sourceTree = "<group>"; };
		32D65E661AAB2DBE00CB04A1 /* musicTests.xctest */ = {isa = PBXFileReference; explicitFileType = wrapper.cfbundle; includeInIndex = 0; path = musicTests.xctest; sourceTree = BUILT_PRODUCTS_DIR; };
		32D65E6B1AAB2DBE00CB04A1 /* Info.plist */ = {isa = PBXFileReference; lastKnownFileType = text.plist.xml; path = Info.plist; sourceTree = "<group>"; };
		32D65E6C1AAB2DBE00CB04A1 /* musicTests.m */ = {isa = PBXFileReference; lastKnownFileType = sourcecode.c.objc; path = musicTests.m; sourceTree = "<group>"; };
		32D65E771AAB2F5D00CB04A1 /* Bolts.framework */ = {isa = PBXFileReference; lastKnownFileType = wrapper.framework; name = Bolts.framework; path = lib/Bolts.framework; sourceTree = "<group>"; };
		32D65E781AAB2F5D00CB04A1 /* Parse.framework */ = {isa = PBXFileReference; lastKnownFileType = wrapper.framework; name = Parse.framework; path = lib/Parse.framework; sourceTree = "<group>"; };
		32D65E791AAB2F5D00CB04A1 /* ParseCrashReporting.framework */ = {isa = PBXFileReference; lastKnownFileType = wrapper.framework; name = ParseCrashReporting.framework; path = lib/ParseCrashReporting.framework; sourceTree = "<group>"; };
		32D65E7A1AAB2F5D00CB04A1 /* ParseFacebookUtils.framework */ = {isa = PBXFileReference; lastKnownFileType = wrapper.framework; name = ParseFacebookUtils.framework; path = lib/ParseFacebookUtils.framework; sourceTree = "<group>"; };
		32D65E7B1AAB2F5D00CB04A1 /* ParseUI.framework */ = {isa = PBXFileReference; lastKnownFileType = wrapper.framework; name = ParseUI.framework; path = lib/ParseUI.framework; sourceTree = "<group>"; };
		32D65E811AAB346F00CB04A1 /* Entitlements.plist */ = {isa = PBXFileReference; fileEncoding = 4; lastKnownFileType = text.plist.xml; path = Entitlements.plist; sourceTree = "<group>"; };
		32D65E831AAB3A6100CB04A1 /* libz.1.1.3.dylib */ = {isa = PBXFileReference; lastKnownFileType = "compiled.mach-o.dylib"; name = libz.1.1.3.dylib; path = usr/lib/libz.1.1.3.dylib; sourceTree = SDKROOT; };
		32D65E851AAB3A7800CB04A1 /* MobileCoreServices.framework */ = {isa = PBXFileReference; lastKnownFileType = wrapper.framework; name = MobileCoreServices.framework; path = System/Library/Frameworks/MobileCoreServices.framework; sourceTree = SDKROOT; };
		32D65E871AAB3A9F00CB04A1 /* SystemConfiguration.framework */ = {isa = PBXFileReference; lastKnownFileType = wrapper.framework; name = SystemConfiguration.framework; path = System/Library/Frameworks/SystemConfiguration.framework; sourceTree = SDKROOT; };
		32D65E891AAB3AAD00CB04A1 /* StoreKit.framework */ = {isa = PBXFileReference; lastKnownFileType = wrapper.framework; name = StoreKit.framework; path = System/Library/Frameworks/StoreKit.framework; sourceTree = SDKROOT; };
		32D65E8B1AAB3ACB00CB04A1 /* QuartzCore.framework */ = {isa = PBXFileReference; lastKnownFileType = wrapper.framework; name = QuartzCore.framework; path = System/Library/Frameworks/QuartzCore.framework; sourceTree = SDKROOT; };
		32D65E8D1AAB3ADC00CB04A1 /* CoreGraphics.framework */ = {isa = PBXFileReference; lastKnownFileType = wrapper.framework; name = CoreGraphics.framework; path = System/Library/Frameworks/CoreGraphics.framework; sourceTree = SDKROOT; };
		32D65E8F1AAB3AE500CB04A1 /* CoreLocation.framework */ = {isa = PBXFileReference; lastKnownFileType = wrapper.framework; name = CoreLocation.framework; path = System/Library/Frameworks/CoreLocation.framework; sourceTree = SDKROOT; };
		32D65E911AAB3AF800CB04A1 /* CFNetwork.framework */ = {isa = PBXFileReference; lastKnownFileType = wrapper.framework; name = CFNetwork.framework; path = System/Library/Frameworks/CFNetwork.framework; sourceTree = SDKROOT; };
		32D65E931AAB3B4C00CB04A1 /* Security.framework */ = {isa = PBXFileReference; lastKnownFileType = wrapper.framework; name = Security.framework; path = System/Library/Frameworks/Security.framework; sourceTree = SDKROOT; };
		32D65E951AAB3B6B00CB04A1 /* UIKit.framework */ = {isa = PBXFileReference; lastKnownFileType = wrapper.framework; name = UIKit.framework; path = System/Library/Frameworks/UIKit.framework; sourceTree = SDKROOT; };
		32D65E971AAB3B7900CB04A1 /* Foundation.framework */ = {isa = PBXFileReference; lastKnownFileType = wrapper.framework; name = Foundation.framework; path = System/Library/Frameworks/Foundation.framework; sourceTree = SDKROOT; };
		32D65E991AAB3BD100CB04A1 /* libsqlite3.0.dylib */ = {isa = PBXFileReference; lastKnownFileType = "compiled.mach-o.dylib"; name = libsqlite3.0.dylib; path = usr/lib/libsqlite3.0.dylib; sourceTree = SDKROOT; };
		32D65E9B1AAB3BDE00CB04A1 /* libstdc++.6.dylib */ = {isa = PBXFileReference; lastKnownFileType = "compiled.mach-o.dylib"; name = "libstdc++.6.dylib"; path = "usr/lib/libstdc++.6.dylib"; sourceTree = SDKROOT; };
		32D65E9D1AAB3C3200CB04A1 /* AudioToolbox.framework */ = {isa = PBXFileReference; lastKnownFileType = wrapper.framework; name = AudioToolbox.framework; path = System/Library/Frameworks/AudioToolbox.framework; sourceTree = SDKROOT; };
		BF897C291AB9912A00A3963A /* JNJProgressButton.h */ = {isa = PBXFileReference; fileEncoding = 4; lastKnownFileType = sourcecode.c.h; path = JNJProgressButton.h; sourceTree = "<group>"; };
		BF897C2A1AB9912A00A3963A /* JNJProgressButton.m */ = {isa = PBXFileReference; fileEncoding = 4; lastKnownFileType = sourcecode.c.objc; path = JNJProgressButton.m; sourceTree = "<group>"; };
		BF897C2D1AB9913200A3963A /* UAProgressView.h */ = {isa = PBXFileReference; fileEncoding = 4; lastKnownFileType = sourcecode.c.h; path = UAProgressView.h; sourceTree = "<group>"; };
		BF897C2E1AB9913200A3963A /* UAProgressView.m */ = {isa = PBXFileReference; fileEncoding = 4; lastKnownFileType = sourcecode.c.objc; path = UAProgressView.m; sourceTree = "<group>"; };
		BF897C311AB9A23100A3963A /* 06-magnify@2x.png */ = {isa = PBXFileReference; lastKnownFileType = image.png; path = "06-magnify@2x.png"; sourceTree = "<group>"; };
		BF897C321AB9A23100A3963A /* 56-cloud@2x.png */ = {isa = PBXFileReference; lastKnownFileType = image.png; path = "56-cloud@2x.png"; sourceTree = "<group>"; };
		BFCB0FD11AB856FC0079CCE3 /* DSMainTableViewController.h */ = {isa = PBXFileReference; fileEncoding = 4; lastKnownFileType = sourcecode.c.h; name = DSMainTableViewController.h; path = controllers/DSMainTableViewController.h; sourceTree = "<group>"; };
		BFCB0FD21AB856FC0079CCE3 /* DSMainTableViewController.m */ = {isa = PBXFileReference; fileEncoding = 4; lastKnownFileType = sourcecode.c.objc; name = DSMainTableViewController.m; path = controllers/DSMainTableViewController.m; sourceTree = "<group>"; };
		BFCB0FD41AB857310079CCE3 /* DSMainTableViewCell.h */ = {isa = PBXFileReference; fileEncoding = 4; lastKnownFileType = sourcecode.c.h; name = DSMainTableViewCell.h; path = cells/DSMainTableViewCell.h; sourceTree = "<group>"; };
		BFCB0FD51AB857310079CCE3 /* DSMainTableViewCell.m */ = {isa = PBXFileReference; fileEncoding = 4; lastKnownFileType = sourcecode.c.objc; name = DSMainTableViewCell.m; path = cells/DSMainTableViewCell.m; sourceTree = "<group>"; };
		BFCB0FD71AB879A40079CCE3 /* DSVersionsTableViewController.h */ = {isa = PBXFileReference; fileEncoding = 4; lastKnownFileType = sourcecode.c.h; name = DSVersionsTableViewController.h; path = controllers/DSVersionsTableViewController.h; sourceTree = "<group>"; };
		BFCB0FD81AB879A40079CCE3 /* DSVersionsTableViewController.m */ = {isa = PBXFileReference; fileEncoding = 4; lastKnownFileType = sourcecode.c.objc; name = DSVersionsTableViewController.m; path = controllers/DSVersionsTableViewController.m; sourceTree = "<group>"; };
/* End PBXFileReference section */

/* Begin PBXFrameworksBuildPhase section */
		32D65E4A1AAB2DBD00CB04A1 /* Frameworks */ = {
			isa = PBXFrameworksBuildPhase;
			buildActionMask = 2147483647;
			files = (
				32D65E9E1AAB3C3200CB04A1 /* AudioToolbox.framework in Frameworks */,
				32D65E9C1AAB3BDE00CB04A1 /* libstdc++.6.dylib in Frameworks */,
				32D65E9A1AAB3BD100CB04A1 /* libsqlite3.0.dylib in Frameworks */,
				32D65E981AAB3B7900CB04A1 /* Foundation.framework in Frameworks */,
				32D65E861AAB3A7800CB04A1 /* MobileCoreServices.framework in Frameworks */,
				32D65E961AAB3B6B00CB04A1 /* UIKit.framework in Frameworks */,
				32D65E941AAB3B4C00CB04A1 /* Security.framework in Frameworks */,
				32D65E921AAB3AF800CB04A1 /* CFNetwork.framework in Frameworks */,
				32D65E901AAB3AE500CB04A1 /* CoreLocation.framework in Frameworks */,
				32D65E8E1AAB3ADC00CB04A1 /* CoreGraphics.framework in Frameworks */,
				32D65E8C1AAB3ACB00CB04A1 /* QuartzCore.framework in Frameworks */,
				32D65E8A1AAB3AAD00CB04A1 /* StoreKit.framework in Frameworks */,
				32D65E881AAB3A9F00CB04A1 /* SystemConfiguration.framework in Frameworks */,
				32D65E841AAB3A6100CB04A1 /* libz.1.1.3.dylib in Frameworks */,
				32D65E7D1AAB2F5D00CB04A1 /* Parse.framework in Frameworks */,
				32D65E7E1AAB2F5D00CB04A1 /* ParseCrashReporting.framework in Frameworks */,
				32D65E801AAB2F5D00CB04A1 /* ParseUI.framework in Frameworks */,
				32D65E7F1AAB2F5D00CB04A1 /* ParseFacebookUtils.framework in Frameworks */,
				32D65E7C1AAB2F5D00CB04A1 /* Bolts.framework in Frameworks */,
			);
			runOnlyForDeploymentPostprocessing = 0;
		};
		32D65E631AAB2DBE00CB04A1 /* Frameworks */ = {
			isa = PBXFrameworksBuildPhase;
			buildActionMask = 2147483647;
			files = (
			);
			runOnlyForDeploymentPostprocessing = 0;
		};
/* End PBXFrameworksBuildPhase section */

/* Begin PBXGroup section */
		32D65E441AAB2DBD00CB04A1 = {
			isa = PBXGroup;
			children = (
				32D65E811AAB346F00CB04A1 /* Entitlements.plist */,
				32D65E4F1AAB2DBD00CB04A1 /* music */,
				32D65E691AAB2DBE00CB04A1 /* musicTests */,
				32D65E4E1AAB2DBD00CB04A1 /* Products */,
			);
			sourceTree = "<group>";
		};
		32D65E4E1AAB2DBD00CB04A1 /* Products */ = {
			isa = PBXGroup;
			children = (
				32D65E4D1AAB2DBD00CB04A1 /* music.app */,
				32D65E661AAB2DBE00CB04A1 /* musicTests.xctest */,
			);
			name = Products;
			sourceTree = "<group>";
		};
		32D65E4F1AAB2DBD00CB04A1 /* music */ = {
			isa = PBXGroup;
			children = (
				BF897C301AB9A23100A3963A /* images */,
				BFCB0FD01AB856ED0079CCE3 /* controllers */,
				BFCB0FCF1AB856970079CCE3 /* cells */,
				32D65E761AAB2F4400CB04A1 /* lib */,
				32D65E541AAB2DBD00CB04A1 /* AppDelegate.h */,
				32D65E551AAB2DBD00CB04A1 /* AppDelegate.m */,
				32D65E5A1AAB2DBD00CB04A1 /* Main.storyboard */,
				32D65E5D1AAB2DBD00CB04A1 /* Images.xcassets */,
				32D65E5F1AAB2DBD00CB04A1 /* LaunchScreen.xib */,
				32D65E501AAB2DBD00CB04A1 /* Supporting Files */,
			);
			path = music;
			sourceTree = "<group>";
		};
		32D65E501AAB2DBD00CB04A1 /* Supporting Files */ = {
			isa = PBXGroup;
			children = (
				32D65E511AAB2DBD00CB04A1 /* Info.plist */,
				32D65E521AAB2DBD00CB04A1 /* main.m */,
			);
			name = "Supporting Files";
			sourceTree = "<group>";
		};
		32D65E691AAB2DBE00CB04A1 /* musicTests */ = {
			isa = PBXGroup;
			children = (
				32D65E6C1AAB2DBE00CB04A1 /* musicTests.m */,
				32D65E6A1AAB2DBE00CB04A1 /* Supporting Files */,
			);
			path = musicTests;
			sourceTree = "<group>";
		};
		32D65E6A1AAB2DBE00CB04A1 /* Supporting Files */ = {
			isa = PBXGroup;
			children = (
				32D65E6B1AAB2DBE00CB04A1 /* Info.plist */,
			);
			name = "Supporting Files";
			sourceTree = "<group>";
		};
		32D65E761AAB2F4400CB04A1 /* lib */ = {
			isa = PBXGroup;
			children = (
				BF897C2C1AB9913200A3963A /* uaprogressview */,
				BF897C281AB9912A00A3963A /* jnjprogressbutton */,
				32D65E851AAB3A7800CB04A1 /* MobileCoreServices.framework */,
				32D65E831AAB3A6100CB04A1 /* libz.1.1.3.dylib */,
				32D65E9D1AAB3C3200CB04A1 /* AudioToolbox.framework */,
				32D65E9B1AAB3BDE00CB04A1 /* libstdc++.6.dylib */,
				32D65E991AAB3BD100CB04A1 /* libsqlite3.0.dylib */,
				32D65E971AAB3B7900CB04A1 /* Foundation.framework */,
				32D65E951AAB3B6B00CB04A1 /* UIKit.framework */,
				32D65E931AAB3B4C00CB04A1 /* Security.framework */,
				32D65E911AAB3AF800CB04A1 /* CFNetwork.framework */,
				32D65E8F1AAB3AE500CB04A1 /* CoreLocation.framework */,
				32D65E8D1AAB3ADC00CB04A1 /* CoreGraphics.framework */,
				32D65E8B1AAB3ACB00CB04A1 /* QuartzCore.framework */,
				32D65E891AAB3AAD00CB04A1 /* StoreKit.framework */,
				32D65E871AAB3A9F00CB04A1 /* SystemConfiguration.framework */,
				32D65E771AAB2F5D00CB04A1 /* Bolts.framework */,
				32D65E781AAB2F5D00CB04A1 /* Parse.framework */,
				32D65E791AAB2F5D00CB04A1 /* ParseCrashReporting.framework */,
				32D65E7A1AAB2F5D00CB04A1 /* ParseFacebookUtils.framework */,
				32D65E7B1AAB2F5D00CB04A1 /* ParseUI.framework */,
			);
			name = lib;
			sourceTree = "<group>";
		};
		BF897C281AB9912A00A3963A /* jnjprogressbutton */ = {
			isa = PBXGroup;
			children = (
				BF897C291AB9912A00A3963A /* JNJProgressButton.h */,
				BF897C2A1AB9912A00A3963A /* JNJProgressButton.m */,
			);
			name = jnjprogressbutton;
			path = lib/jnjprogressbutton;
			sourceTree = "<group>";
		};
		BF897C2C1AB9913200A3963A /* uaprogressview */ = {
			isa = PBXGroup;
			children = (
				BF897C2D1AB9913200A3963A /* UAProgressView.h */,
				BF897C2E1AB9913200A3963A /* UAProgressView.m */,
			);
			name = uaprogressview;
			path = lib/uaprogressview;
			sourceTree = "<group>";
		};
		BF897C301AB9A23100A3963A /* images */ = {
			isa = PBXGroup;
			children = (
				BF897C311AB9A23100A3963A /* 06-magnify@2x.png */,
				BF897C321AB9A23100A3963A /* 56-cloud@2x.png */,
			);
			path = images;
			sourceTree = "<group>";
		};
		BFCB0FCF1AB856970079CCE3 /* cells */ = {
			isa = PBXGroup;
			children = (
				BFCB0FD41AB857310079CCE3 /* DSMainTableViewCell.h */,
				BFCB0FD51AB857310079CCE3 /* DSMainTableViewCell.m */,
			);
			name = cells;
			sourceTree = "<group>";
		};
		BFCB0FD01AB856ED0079CCE3 /* controllers */ = {
			isa = PBXGroup;
			children = (
				BFCB0FD71AB879A40079CCE3 /* DSVersionsTableViewController.h */,
				BFCB0FD81AB879A40079CCE3 /* DSVersionsTableViewController.m */,
				BFCB0FD11AB856FC0079CCE3 /* DSMainTableViewController.h */,
				BFCB0FD21AB856FC0079CCE3 /* DSMainTableViewController.m */,
			);
			name = controllers;
			sourceTree = "<group>";
		};
/* End PBXGroup section */

/* Begin PBXNativeTarget section */
		32D65E4C1AAB2DBD00CB04A1 /* music */ = {
			isa = PBXNativeTarget;
			buildConfigurationList = 32D65E701AAB2DBE00CB04A1 /* Build configuration list for PBXNativeTarget "music" */;
			buildPhases = (
				32D65E491AAB2DBD00CB04A1 /* Sources */,
				32D65E4A1AAB2DBD00CB04A1 /* Frameworks */,
				32D65E4B1AAB2DBD00CB04A1 /* Resources */,
			);
			buildRules = (
			);
			dependencies = (
			);
			name = music;
			productName = music;
			productReference = 32D65E4D1AAB2DBD00CB04A1 /* music.app */;
			productType = "com.apple.product-type.application";
		};
		32D65E651AAB2DBE00CB04A1 /* musicTests */ = {
			isa = PBXNativeTarget;
			buildConfigurationList = 32D65E731AAB2DBE00CB04A1 /* Build configuration list for PBXNativeTarget "musicTests" */;
			buildPhases = (
				32D65E621AAB2DBE00CB04A1 /* Sources */,
				32D65E631AAB2DBE00CB04A1 /* Frameworks */,
				32D65E641AAB2DBE00CB04A1 /* Resources */,
			);
			buildRules = (
			);
			dependencies = (
				32D65E681AAB2DBE00CB04A1 /* PBXTargetDependency */,
			);
			name = musicTests;
			productName = musicTests;
			productReference = 32D65E661AAB2DBE00CB04A1 /* musicTests.xctest */;
			productType = "com.apple.product-type.bundle.unit-test";
		};
/* End PBXNativeTarget section */

/* Begin PBXProject section */
		32D65E451AAB2DBD00CB04A1 /* Project object */ = {
			isa = PBXProject;
			attributes = {
				LastUpgradeCheck = 0610;
				ORGANIZATIONNAME = dima;
				TargetAttributes = {
					32D65E4C1AAB2DBD00CB04A1 = {
						CreatedOnToolsVersion = 6.1.1;
					};
					32D65E651AAB2DBE00CB04A1 = {
						CreatedOnToolsVersion = 6.1.1;
						TestTargetID = 32D65E4C1AAB2DBD00CB04A1;
					};
				};
			};
			buildConfigurationList = 32D65E481AAB2DBD00CB04A1 /* Build configuration list for PBXProject "music" */;
			compatibilityVersion = "Xcode 3.2";
			developmentRegion = English;
			hasScannedForEncodings = 0;
			knownRegions = (
				en,
				Base,
			);
			mainGroup = 32D65E441AAB2DBD00CB04A1;
			productRefGroup = 32D65E4E1AAB2DBD00CB04A1 /* Products */;
			projectDirPath = "";
			projectRoot = "";
			targets = (
				32D65E4C1AAB2DBD00CB04A1 /* music */,
				32D65E651AAB2DBE00CB04A1 /* musicTests */,
			);
		};
/* End PBXProject section */

/* Begin PBXResourcesBuildPhase section */
		32D65E4B1AAB2DBD00CB04A1 /* Resources */ = {
			isa = PBXResourcesBuildPhase;
			buildActionMask = 2147483647;
			files = (
				32D65E821AAB346F00CB04A1 /* Entitlements.plist in Resources */,
				BF897C331AB9A23100A3963A /* 06-magnify@2x.png in Resources */,
				32D65E5C1AAB2DBD00CB04A1 /* Main.storyboard in Resources */,
				32D65E611AAB2DBD00CB04A1 /* LaunchScreen.xib in Resources */,
				32D65E5E1AAB2DBD00CB04A1 /* Images.xcassets in Resources */,
				BF897C341AB9A23100A3963A /* 56-cloud@2x.png in Resources */,
			);
			runOnlyForDeploymentPostprocessing = 0;
		};
		32D65E641AAB2DBE00CB04A1 /* Resources */ = {
			isa = PBXResourcesBuildPhase;
			buildActionMask = 2147483647;
			files = (
			);
			runOnlyForDeploymentPostprocessing = 0;
		};
/* End PBXResourcesBuildPhase section */

/* Begin PBXSourcesBuildPhase section */
		32D65E491AAB2DBD00CB04A1 /* Sources */ = {
			isa = PBXSourcesBuildPhase;
			buildActionMask = 2147483647;
			files = (
				BF897C2F1AB9913200A3963A /* UAProgressView.m in Sources */,
				32D65E561AAB2DBD00CB04A1 /* AppDelegate.m in Sources */,
				BFCB0FD31AB856FC0079CCE3 /* DSMainTableViewController.m in Sources */,
				32D65E531AAB2DBD00CB04A1 /* main.m in Sources */,
				BFCB0FD91AB879A40079CCE3 /* DSVersionsTableViewController.m in Sources */,
				BFCB0FD61AB857310079CCE3 /* DSMainTableViewCell.m in Sources */,
				BF897C2B1AB9912A00A3963A /* JNJProgressButton.m in Sources */,
			);
			runOnlyForDeploymentPostprocessing = 0;
		};
		32D65E621AAB2DBE00CB04A1 /* Sources */ = {
			isa = PBXSourcesBuildPhase;
			buildActionMask = 2147483647;
			files = (
				32D65E6D1AAB2DBE00CB04A1 /* musicTests.m in Sources */,
			);
			runOnlyForDeploymentPostprocessing = 0;
		};
/* End PBXSourcesBuildPhase section */

/* Begin PBXTargetDependency section */
		32D65E681AAB2DBE00CB04A1 /* PBXTargetDependency */ = {
			isa = PBXTargetDependency;
			target = 32D65E4C1AAB2DBD00CB04A1 /* music */;
			targetProxy = 32D65E671AAB2DBE00CB04A1 /* PBXContainerItemProxy */;
		};
/* End PBXTargetDependency section */

/* Begin PBXVariantGroup section */
		32D65E5A1AAB2DBD00CB04A1 /* Main.storyboard */ = {
			isa = PBXVariantGroup;
			children = (
				32D65E5B1AAB2DBD00CB04A1 /* Base */,
			);
			name = Main.storyboard;
			sourceTree = "<group>";
		};
		32D65E5F1AAB2DBD00CB04A1 /* LaunchScreen.xib */ = {
			isa = PBXVariantGroup;
			children = (
				32D65E601AAB2DBD00CB04A1 /* Base */,
			);
			name = LaunchScreen.xib;
			sourceTree = "<group>";
		};
/* End PBXVariantGroup section */

/* Begin XCBuildConfiguration section */
		32D65E6E1AAB2DBE00CB04A1 /* Debug */ = {
			isa = XCBuildConfiguration;
			buildSettings = {
				ALWAYS_SEARCH_USER_PATHS = NO;
				CLANG_CXX_LANGUAGE_STANDARD = "gnu++0x";
				CLANG_CXX_LIBRARY = "libc++";
				CLANG_ENABLE_MODULES = YES;
				CLANG_ENABLE_OBJC_ARC = YES;
				CLANG_WARN_BOOL_CONVERSION = YES;
				CLANG_WARN_CONSTANT_CONVERSION = YES;
				CLANG_WARN_DIRECT_OBJC_ISA_USAGE = YES_ERROR;
				CLANG_WARN_EMPTY_BODY = YES;
				CLANG_WARN_ENUM_CONVERSION = YES;
				CLANG_WARN_INT_CONVERSION = YES;
				CLANG_WARN_OBJC_ROOT_CLASS = YES_ERROR;
				CLANG_WARN_UNREACHABLE_CODE = YES;
				CLANG_WARN__DUPLICATE_METHOD_MATCH = YES;
				CODE_SIGN_IDENTITY = "-";
				"CODE_SIGN_IDENTITY[sdk=iphoneos*]" = "-";
				COPY_PHASE_STRIP = NO;
				ENABLE_STRICT_OBJC_MSGSEND = YES;
				GCC_C_LANGUAGE_STANDARD = gnu99;
				GCC_DYNAMIC_NO_PIC = NO;
				GCC_OPTIMIZATION_LEVEL = 0;
				GCC_PREPROCESSOR_DEFINITIONS = (
					"DEBUG=1",
					"$(inherited)",
				);
				GCC_SYMBOLS_PRIVATE_EXTERN = NO;
				GCC_WARN_64_TO_32_BIT_CONVERSION = YES;
				GCC_WARN_ABOUT_RETURN_TYPE = YES_ERROR;
				GCC_WARN_UNDECLARED_SELECTOR = YES;
				GCC_WARN_UNINITIALIZED_AUTOS = YES_AGGRESSIVE;
				GCC_WARN_UNUSED_FUNCTION = YES;
				GCC_WARN_UNUSED_VARIABLE = YES;
				IPHONEOS_DEPLOYMENT_TARGET = 8.1;
				MTL_ENABLE_DEBUG_INFO = YES;
				ONLY_ACTIVE_ARCH = YES;
				SDKROOT = iphoneos;
				TARGETED_DEVICE_FAMILY = "1,2";
			};
			name = Debug;
		};
		32D65E6F1AAB2DBE00CB04A1 /* Release */ = {
			isa = XCBuildConfiguration;
			buildSettings = {
				ALWAYS_SEARCH_USER_PATHS = NO;
				CLANG_CXX_LANGUAGE_STANDARD = "gnu++0x";
				CLANG_CXX_LIBRARY = "libc++";
				CLANG_ENABLE_MODULES = YES;
				CLANG_ENABLE_OBJC_ARC = YES;
				CLANG_WARN_BOOL_CONVERSION = YES;
				CLANG_WARN_CONSTANT_CONVERSION = YES;
				CLANG_WARN_DIRECT_OBJC_ISA_USAGE = YES_ERROR;
				CLANG_WARN_EMPTY_BODY = YES;
				CLANG_WARN_ENUM_CONVERSION = YES;
				CLANG_WARN_INT_CONVERSION = YES;
				CLANG_WARN_OBJC_ROOT_CLASS = YES_ERROR;
				CLANG_WARN_UNREACHABLE_CODE = YES;
				CLANG_WARN__DUPLICATE_METHOD_MATCH = YES;
				CODE_SIGN_IDENTITY = "-";
				"CODE_SIGN_IDENTITY[sdk=iphoneos*]" = "-";
				COPY_PHASE_STRIP = YES;
				ENABLE_NS_ASSERTIONS = NO;
				ENABLE_STRICT_OBJC_MSGSEND = YES;
				GCC_C_LANGUAGE_STANDARD = gnu99;
				GCC_WARN_64_TO_32_BIT_CONVERSION = YES;
				GCC_WARN_ABOUT_RETURN_TYPE = YES_ERROR;
				GCC_WARN_UNDECLARED_SELECTOR = YES;
				GCC_WARN_UNINITIALIZED_AUTOS = YES_AGGRESSIVE;
				GCC_WARN_UNUSED_FUNCTION = YES;
				GCC_WARN_UNUSED_VARIABLE = YES;
				IPHONEOS_DEPLOYMENT_TARGET = 8.1;
				MTL_ENABLE_DEBUG_INFO = NO;
				SDKROOT = iphoneos;
				TARGETED_DEVICE_FAMILY = "1,2";
				VALIDATE_PRODUCT = YES;
			};
			name = Release;
		};
		32D65E711AAB2DBE00CB04A1 /* Debug */ = {
			isa = XCBuildConfiguration;
			buildSettings = {
				ASSETCATALOG_COMPILER_APPICON_NAME = AppIcon;
				"CODE_SIGN_ENTITLEMENTS[sdk=*]" = Entitlements.plist;
				CODE_SIGN_IDENTITY = "-";
				FRAMEWORK_SEARCH_PATHS = (
					"$(inherited)",
					"$(PROJECT_DIR)/music/lib",
				);
				INFOPLIST_FILE = music/Info.plist;
				LD_RUNPATH_SEARCH_PATHS = "$(inherited) @executable_path/Frameworks";
				PRODUCT_NAME = "$(TARGET_NAME)";
			};
			name = Debug;
		};
		32D65E721AAB2DBE00CB04A1 /* Release */ = {
			isa = XCBuildConfiguration;
			buildSettings = {
				ASSETCATALOG_COMPILER_APPICON_NAME = AppIcon;
				CODE_SIGN_ENTITLEMENTS = Entitlements.plist;
				CODE_SIGN_IDENTITY = "-";
				FRAMEWORK_SEARCH_PATHS = (
					"$(inherited)",
					"$(PROJECT_DIR)/music/lib",
				);
				INFOPLIST_FILE = music/Info.plist;
				LD_RUNPATH_SEARCH_PATHS = "$(inherited) @executable_path/Frameworks";
				PRODUCT_NAME = "$(TARGET_NAME)";
			};
			name = Release;
		};
		32D65E741AAB2DBE00CB04A1 /* Debug */ = {
			isa = XCBuildConfiguration;
			buildSettings = {
				BUNDLE_LOADER = "$(TEST_HOST)";
				FRAMEWORK_SEARCH_PATHS = (
					"$(SDKROOT)/Developer/Library/Frameworks",
					"$(inherited)",
				);
				GCC_PREPROCESSOR_DEFINITIONS = (
					"DEBUG=1",
					"$(inherited)",
				);
				INFOPLIST_FILE = musicTests/Info.plist;
				LD_RUNPATH_SEARCH_PATHS = "$(inherited) @executable_path/Frameworks @loader_path/Frameworks";
				PRODUCT_NAME = "$(TARGET_NAME)";
				TEST_HOST = "$(BUILT_PRODUCTS_DIR)/music.app/music";
			};
			name = Debug;
		};
		32D65E751AAB2DBE00CB04A1 /* Release */ = {
			isa = XCBuildConfiguration;
			buildSettings = {
				BUNDLE_LOADER = "$(TEST_HOST)";
				FRAMEWORK_SEARCH_PATHS = (
					"$(SDKROOT)/Developer/Library/Frameworks",
					"$(inherited)",
				);
				INFOPLIST_FILE = musicTests/Info.plist;
				LD_RUNPATH_SEARCH_PATHS = "$(inherited) @executable_path/Frameworks @loader_path/Frameworks";
				PRODUCT_NAME = "$(TARGET_NAME)";
				TEST_HOST = "$(BUILT_PRODUCTS_DIR)/music.app/music";
			};
			name = Release;
		};
/* End XCBuildConfiguration section */

/* Begin XCConfigurationList section */
		32D65E481AAB2DBD00CB04A1 /* Build configuration list for PBXProject "music" */ = {
			isa = XCConfigurationList;
			buildConfigurations = (
				32D65E6E1AAB2DBE00CB04A1 /* Debug */,
				32D65E6F1AAB2DBE00CB04A1 /* Release */,
			);
			defaultConfigurationIsVisible = 0;
			defaultConfigurationName = Release;
		};
		32D65E701AAB2DBE00CB04A1 /* Build configuration list for PBXNativeTarget "music" */ = {
			isa = XCConfigurationList;
			buildConfigurations = (
				32D65E711AAB2DBE00CB04A1 /* Debug */,
				32D65E721AAB2DBE00CB04A1 /* Release */,
			);
			defaultConfigurationIsVisible = 0;
			defaultConfigurationName = Release;
		};
		32D65E731AAB2DBE00CB04A1 /* Build configuration list for PBXNativeTarget "musicTests" */ = {
			isa = XCConfigurationList;
			buildConfigurations = (
				32D65E741AAB2DBE00CB04A1 /* Debug */,
				32D65E751AAB2DBE00CB04A1 /* Release */,
			);
			defaultConfigurationIsVisible = 0;
			defaultConfigurationName = Release;
		};
/* End XCConfigurationList section */
	};
	rootObject = 32D65E451AAB2DBD00CB04A1 /* Project object */;
}
